PODS:
  - AFNetworking (3.1.0):
    - AFNetworking/NSURLSession (= 3.1.0)
    - AFNetworking/Reachability (= 3.1.0)
    - AFNetworking/Security (= 3.1.0)
    - AFNetworking/Serialization (= 3.1.0)
    - AFNetworking/UIKit (= 3.1.0)
  - AFNetworking/NSURLSession (3.1.0):
    - AFNetworking/Reachability
    - AFNetworking/Security
    - AFNetworking/Serialization
  - AFNetworking/Reachability (3.1.0)
  - AFNetworking/Security (3.1.0)
  - AFNetworking/Serialization (3.1.0)
  - AFNetworking/UIKit (3.1.0):
    - AFNetworking/NSURLSession
  - LuaViewSDK (2.1.1.2)
  - RCExtension (1.0.0):
    - AFNetworking (~> 3.1.0)
  - SDWebImage (3.8.2):
    - SDWebImage/Core (= 3.8.2)
  - SDWebImage/Core (3.8.2)

DEPENDENCIES:
  - AFNetworking (~> 3.1.0)
  - LuaViewSDK (from `https://github.com/alibaba/LuaViewSDK.git`)
  - RCExtension (~> 1.0.0)
  - SDWebImage (~> 3.8.1)

EXTERNAL SOURCES:
  LuaViewSDK:
    :git: https://github.com/alibaba/LuaViewSDK.git

CHECKOUT OPTIONS:
  LuaViewSDK:
    :commit: 69fac9924c6de4f54dc9d24667a4bf4bc32d3a77
    :git: https://github.com/alibaba/LuaViewSDK.git

SPEC CHECKSUMS:
  AFNetworking: 5e0e199f73d8626b11e79750991f5d173d1f8b67
  LuaViewSDK: e23b19684404a64bd72a6c04bd96830de1fa37aa
  RCExtension: c976f8edc370675dada911c86ae11c623c992ad3
  SDWebImage: 098e97e6176540799c27e804c96653ee0833d13c

PODFILE CHECKSUM: 2d4e13b1c1b50d1aa5e4d80604ff760b906c2b47

COCOAPODS: 1.2.0.beta.3
