// !$*UTF8*$!
{
	archiveVersion = 1;
	classes = {
	};
	objectVersion = 46;
	objects = {

/* Begin PBXBuildFile section */
		E8BBA0151D5C13A300A9B890 /* main.m in Sources */ = {isa = PBXBuildFile; fileRef = E8BBA0141D5C13A300A9B890 /* main.m */; };
		E8BBA0181D5C13A300A9B890 /* AppDelegate.m in Sources */ = {isa = PBXBuildFile; fileRef = E8BBA0171D5C13A300A9B890 /* AppDelegate.m */; };
		E8BBA01B1D5C13A300A9B890 /* ViewController.m in Sources */ = {isa = PBXBuildFile; fileRef = E8BBA01A1D5C13A300A9B890 /* ViewController.m */; };
		E8BBA01E1D5C13A300A9B890 /* Main.storyboard in Resources */ = {isa = PBXBuildFile; fileRef = E8BBA01C1D5C13A300A9B890 /* Main.storyboard */; };
		E8BBA0201D5C13A300A9B890 /* Assets.xcassets in Resources */ = {isa = PBXBuildFile; fileRef = E8BBA01F1D5C13A300A9B890 /* Assets.xcassets */; };
		E8BBA0231D5C13A300A9B890 /* LaunchScreen.storyboard in Resources */ = {isa = PBXBuildFile; fileRef = E8BBA0211D5C13A300A9B890 /* LaunchScreen.storyboard */; };
/* End PBXBuildFile section */

/* Begin PBXFileReference section */
		E8BBA0101D5C13A300A9B890 /* ReplicatorLayerDemo.app */ = {isa = PBXFileReference; explicitFileType = wrapper.application; includeInIndex = 0; path = ReplicatorLayerDemo.app; sourceTree = BUILT_PRODUCTS_DIR; };
		E8BBA0141D5C13A300A9B890 /* main.m */ = {isa = PBXFileReference; lastKnownFileType = sourcecode.c.objc; path = main.m; sourceTree = "<group>"; };
		E8BBA0161D5C13A300A9B890 /* AppDelegate.h */ = {isa = PBXFileReference; lastKnownFileType = sourcecode.c.h; path = AppDelegate.h; sourceTree = "<group>"; };
		E8BBA0171D5C13A300A9B890 /* AppDelegate.m */ = {isa = PBXFileReference; lastKnownFileType = sourcecode.c.objc; path = AppDelegate.m; sourceTree = "<group>"; };
		E8BBA0191D5C13A300A9B890 /* ViewController.h */ = {isa = PBXFileReference; lastKnownFileType = sourcecode.c.h; path = ViewController.h; sourceTree = "<group>"; };
		E8BBA01A1D5C13A300A9B890 /* ViewController.m */ = {isa = PBXFileReference; lastKnownFileType = sourcecode.c.objc; path = ViewController.m; sourceTree = "<group>"; };
		E8BBA01D1D5C13A300A9B890 /* Base */ = {isa = PBXFileReference; lastKnownFileType = file.storyboard; name = Base; path = Base.lproj/Main.storyboard; sourceTree = "<group>"; };
		E8BBA01F1D5C13A300A9B890 /* Assets.xcassets */ = {isa = PBXFileReference; lastKnownFileType = folder.assetcatalog; path = Assets.xcassets; sourceTree = "<group>"; };
		E8BBA0221D5C13A300A9B890 /* Base */ = {isa = PBXFileReference; lastKnownFileType = file.storyboard; name = Base; path = Base.lproj/LaunchScreen.storyboard; sourceTree = "<group>"; };
		E8BBA0241D5C13A300A9B890 /* Info.plist */ = {isa = PBXFileReference; lastKnownFileType = text.plist.xml; path = Info.plist; sourceTree = "<group>"; };
/* End PBXFileReference section */

/* Begin PBXFrameworksBuildPhase section */
		E8BBA00D1D5C13A300A9B890 /* Frameworks */ = {
			isa = PBXFrameworksBuildPhase;
			buildActionMask = 2147483647;
			files = (
			);
			runOnlyForDeploymentPostprocessing = 0;
		};
/* End PBXFrameworksBuildPhase section */

/* Begin PBXGroup section */
		E8BBA0071D5C13A300A9B890 = {
			isa = PBXGroup;
			children = (
				E8BBA0121D5C13A300A9B890 /* ReplicatorLayerDemo */,
				E8BBA0111D5C13A300A9B890 /* Products */,
			);
			sourceTree = "<group>";
		};
		E8BBA0111D5C13A300A9B890 /* Products */ = {
			isa = PBXGroup;
			children = (
				E8BBA0101D5C13A300A9B890 /* ReplicatorLayerDemo.app */,
			);
			name = Products;
			sourceTree = "<group>";
		};
		E8BBA0121D5C13A300A9B890 /* ReplicatorLayerDemo */ = {
			isa = PBXGroup;
			children = (
				E8BBA0161D5C13A300A9B890 /* AppDelegate.h */,
				E8BBA0171D5C13A300A9B890 /* AppDelegate.m */,
				E8BBA0191D5C13A300A9B890 /* ViewController.h */,
				E8BBA01A1D5C13A300A9B890 /* ViewController.m */,
				E8BBA01C1D5C13A300A9B890 /* Main.storyboard */,
				E8BBA01F1D5C13A300A9B890 /* Assets.xcassets */,
				E8BBA0211D5C13A300A9B890 /* LaunchScreen.storyboard */,
				E8BBA0241D5C13A300A9B890 /* Info.plist */,
				E8BBA0131D5C13A300A9B890 /* Supporting Files */,
			);
			path = ReplicatorLayerDemo;
			sourceTree = "<group>";
		};
		E8BBA0131D5C13A300A9B890 /* Supporting Files */ = {
			isa = PBXGroup;
			children = (
				E8BBA0141D5C13A300A9B890 /* main.m */,
			);
			name = "Supporting Files";
			sourceTree = "<group>";
		};
/* End PBXGroup section */

/* Begin PBXNativeTarget section */
		E8BBA00F1D5C13A300A9B890 /* ReplicatorLayerDemo */ = {
			isa = PBXNativeTarget;
			buildConfigurationList = E8BBA0271D5C13A300A9B890 /* Build configuration list for PBXNativeTarget "ReplicatorLayerDemo" */;
			buildPhases = (
				E8BBA00C1D5C13A300A9B890 /* Sources */,
				E8BBA00D1D5C13A300A9B890 /* Frameworks */,
				E8BBA00E1D5C13A300A9B890 /* Resources */,
			);
			buildRules = (
			);
			dependencies = (
			);
			name = ReplicatorLayerDemo;
			productName = ReplicatorLayerDemo;
			productReference = E8BBA0101D5C13A300A9B890 /* ReplicatorLayerDemo.app */;
			productType = "com.apple.product-type.application";
		};
/* End PBXNativeTarget section */

/* Begin PBXProject section */
		E8BBA0081D5C13A300A9B890 /* Project object */ = {
			isa = PBXProject;
			attributes = {
				LastUpgradeCheck = 0730;
				ORGANIZATIONNAME = silence;
				TargetAttributes = {
					E8BBA00F1D5C13A300A9B890 = {
						CreatedOnToolsVersion = 7.3.1;
					};
				};
			};
			buildConfigurationList = E8BBA00B1D5C13A300A9B890 /* Build configuration list for PBXProject "ReplicatorLayerDemo" */;
			compatibilityVersion = "Xcode 3.2";
			developmentRegion = English;
			hasScannedForEncodings = 0;
			knownRegions = (
				en,
				Base,
			);
			mainGroup = E8BBA0071D5C13A300A9B890;
			productRefGroup = E8BBA0111D5C13A300A9B890 /* Products */;
			projectDirPath = "";
			projectRoot = "";
			targets = (
				E8BBA00F1D5C13A300A9B890 /* ReplicatorLayerDemo */,
			);
		};
/* End PBXProject section */

/* Begin PBXResourcesBuildPhase section */
		E8BBA00E1D5C13A300A9B890 /* Resources */ = {
			isa = PBXResourcesBuildPhase;
			buildActionMask = 2147483647;
			files = (
				E8BBA0231D5C13A300A9B890 /* LaunchScreen.storyboard in Resources */,
				E8BBA0201D5C13A300A9B890 /* Assets.xcassets in Resources */,
				E8BBA01E1D5C13A300A9B890 /* Main.storyboard in Resources */,
			);
			runOnlyForDeploymentPostprocessing = 0;
		};
/* End PBXResourcesBuildPhase section */

/* Begin PBXSourcesBuildPhase section */
		E8BBA00C1D5C13A300A9B890 /* Sources */ = {
			isa = PBXSourcesBuildPhase;
			buildActionMask = 2147483647;
			files = (
				E8BBA01B1D5C13A300A9B890 /* ViewController.m in Sources */,
				E8BBA0181D5C13A300A9B890 /* AppDelegate.m in Sources */,
				E8BBA0151D5C13A300A9B890 /* main.m in Sources */,
			);
			runOnlyForDeploymentPostprocessing = 0;
		};
/* End PBXSourcesBuildPhase section */

/* Begin PBXVariantGroup section */
		E8BBA01C1D5C13A300A9B890 /* Main.storyboard */ = {
			isa = PBXVariantGroup;
			children = (
				E8BBA01D1D5C13A300A9B890 /* Base */,
			);
			name = Main.storyboard;
			sourceTree = "<group>";
		};
		E8BBA0211D5C13A300A9B890 /* LaunchScreen.storyboard */ = {
			isa = PBXVariantGroup;
			children = (
				E8BBA0221D5C13A300A9B890 /* Base */,
			);
			name = LaunchScreen.storyboard;
			sourceTree = "<group>";
		};
/* End PBXVariantGroup section */

/* Begin XCBuildConfiguration section */
		E8BBA0251D5C13A300A9B890 /* Debug */ = {
			isa = XCBuildConfiguration;
			buildSettings = {
				ALWAYS_SEARCH_USER_PATHS = NO;
				CLANG_ANALYZER_NONNULL = YES;
				CLANG_CXX_LANGUAGE_STANDARD = "gnu++0x";
				CLANG_CXX_LIBRARY = "libc++";
				CLANG_ENABLE_MODULES = YES;
				CLANG_ENABLE_OBJC_ARC = YES;
				CLANG_WARN_BOOL_CONVERSION = YES;
				CLANG_WARN_CONSTANT_CONVERSION = YES;
				CLANG_WARN_DIRECT_OBJC_ISA_USAGE = YES_ERROR;
				CLANG_WARN_EMPTY_BODY = YES;
				CLANG_WARN_ENUM_CONVERSION = YES;
				CLANG_WARN_INT_CONVERSION = YES;
				CLANG_WARN_OBJC_ROOT_CLASS = YES_ERROR;
				CLANG_WARN_UNREACHABLE_CODE = YES;
				CLANG_WARN__DUPLICATE_METHOD_MATCH = YES;
				"CODE_SIGN_IDENTITY[sdk=iphoneos*]" = "iPhone Developer";
				COPY_PHASE_STRIP = NO;
				DEBUG_INFORMATION_FORMAT = dwarf;
				ENABLE_STRICT_OBJC_MSGSEND = YES;
				ENABLE_TESTABILITY = YES;
				GCC_C_LANGUAGE_STANDARD = gnu99;
				GCC_DYNAMIC_NO_PIC = NO;
				GCC_NO_COMMON_BLOCKS = YES;
				GCC_OPTIMIZATION_LEVEL = 0;
				GCC_PREPROCESSOR_DEFINITIONS = (
					"DEBUG=1",
					"$(inherited)",
				);
				GCC_WARN_64_TO_32_BIT_CONVERSION = YES;
				GCC_WARN_ABOUT_RETURN_TYPE = YES_ERROR;
				GCC_WARN_UNDECLARED_SELECTOR = YES;
				GCC_WARN_UNINITIALIZED_AUTOS = YES_AGGRESSIVE;
				GCC_WARN_UNUSED_FUNCTION = YES;
				GCC_WARN_UNUSED_VARIABLE = YES;
				IPHONEOS_DEPLOYMENT_TARGET = 9.3;
				MTL_ENABLE_DEBUG_INFO = YES;
				ONLY_ACTIVE_ARCH = YES;
				SDKROOT = iphoneos;
			};
			name = Debug;
		};
		E8BBA0261D5C13A300A9B890 /* Release */ = {
			isa = XCBuildConfiguration;
			buildSettings = {
				ALWAYS_SEARCH_USER_PATHS = NO;
				CLANG_ANALYZER_NONNULL = YES;
				CLANG_CXX_LANGUAGE_STANDARD = "gnu++0x";
				CLANG_CXX_LIBRARY = "libc++";
				CLANG_ENABLE_MODULES = YES;
				CLANG_ENABLE_OBJC_ARC = YES;
				CLANG_WARN_BOOL_CONVERSION = YES;
				CLANG_WARN_CONSTANT_CONVERSION = YES;
				CLANG_WARN_DIRECT_OBJC_ISA_USAGE = YES_ERROR;
				CLANG_WARN_EMPTY_BODY = YES;
				CLANG_WARN_ENUM_CONVERSION = YES;
				CLANG_WARN_INT_CONVERSION = YES;
				CLANG_WARN_OBJC_ROOT_CLASS = YES_ERROR;
				CLANG_WARN_UNREACHABLE_CODE = YES;
				CLANG_WARN__DUPLICATE_METHOD_MATCH = YES;
				"CODE_SIGN_IDENTITY[sdk=iphoneos*]" = "iPhone Developer";
				COPY_PHASE_STRIP = NO;
				DEBUG_INFORMATION_FORMAT = "dwarf-with-dsym";
				ENABLE_NS_ASSERTIONS = NO;
				ENABLE_STRICT_OBJC_MSGSEND = YES;
				GCC_C_LANGUAGE_STANDARD = gnu99;
				GCC_NO_COMMON_BLOCKS = YES;
				GCC_WARN_64_TO_32_BIT_CONVERSION = YES;
				GCC_WARN_ABOUT_RETURN_TYPE = YES_ERROR;
				GCC_WARN_UNDECLARED_SELECTOR = YES;
				GCC_WARN_UNINITIALIZED_AUTOS = YES_AGGRESSIVE;
				GCC_WARN_UNUSED_FUNCTION = YES;
				GCC_WARN_UNUSED_VARIABLE = YES;
				IPHONEOS_DEPLOYMENT_TARGET = 9.3;
				MTL_ENABLE_DEBUG_INFO = NO;
				SDKROOT = iphoneos;
				VALIDATE_PRODUCT = YES;
			};
			name = Release;
		};
		E8BBA0281D5C13A300A9B890 /* Debug */ = {
			isa = XCBuildConfiguration;
			buildSettings = {
				ASSETCATALOG_COMPILER_APPICON_NAME = AppIcon;
				INFOPLIST_FILE = ReplicatorLayerDemo/Info.plist;
				LD_RUNPATH_SEARCH_PATHS = "$(inherited) @executable_path/Frameworks";
				PRODUCT_BUNDLE_IDENTIFIER = com.silence.ReplicatorLayerDemo;
				PRODUCT_NAME = "$(TARGET_NAME)";
			};
			name = Debug;
		};
		E8BBA0291D5C13A300A9B890 /* Release */ = {
			isa = XCBuildConfiguration;
			buildSettings = {
				ASSETCATALOG_COMPILER_APPICON_NAME = AppIcon;
				INFOPLIST_FILE = ReplicatorLayerDemo/Info.plist;
				LD_RUNPATH_SEARCH_PATHS = "$(inherited) @executable_path/Frameworks";
				PRODUCT_BUNDLE_IDENTIFIER = com.silence.ReplicatorLayerDemo;
				PRODUCT_NAME = "$(TARGET_NAME)";
			};
			name = Release;
		};
/* End XCBuildConfiguration section */

/* Begin XCConfigurationList section */
		E8BBA00B1D5C13A300A9B890 /* Build configuration list for PBXProject "ReplicatorLayerDemo" */ = {
			isa = XCConfigurationList;
			buildConfigurations = (
				E8BBA0251D5C13A300A9B890 /* Debug */,
				E8BBA0261D5C13A300A9B890 /* Release */,
			);
			defaultConfigurationIsVisible = 0;
			defaultConfigurationName = Release;
		};
		E8BBA0271D5C13A300A9B890 /* Build configuration list for PBXNativeTarget "ReplicatorLayerDemo" */ = {
			isa = XCConfigurationList;
			buildConfigurations = (
				E8BBA0281D5C13A300A9B890 /* Debug */,
				E8BBA0291D5C13A300A9B890 /* Release */,
			);
			defaultConfigurationIsVisible = 0;
		};
/* End XCConfigurationList section */
	};
	rootObject = E8BBA0081D5C13A300A9B890 /* Project object */;
}
