// !$*UTF8*$!
{
	archiveVersion = 1;
	classes = {
	};
	objectVersion = 46;
	objects = {

/* Begin PBXBuildFile section */
		E840E10C1D4F7D5400B4E462 /* main.m in Sources */ = {isa = PBXBuildFile; fileRef = E840E10B1D4F7D5400B4E462 /* main.m */; };
		E840E10F1D4F7D5400B4E462 /* AppDelegate.m in Sources */ = {isa = PBXBuildFile; fileRef = E840E10E1D4F7D5400B4E462 /* AppDelegate.m */; };
		E840E1121D4F7D5400B4E462 /* ViewController.m in Sources */ = {isa = PBXBuildFile; fileRef = E840E1111D4F7D5400B4E462 /* ViewController.m */; };
		E840E1151D4F7D5400B4E462 /* Main.storyboard in Resources */ = {isa = PBXBuildFile; fileRef = E840E1131D4F7D5400B4E462 /* Main.storyboard */; };
		E840E1171D4F7D5400B4E462 /* Assets.xcassets in Resources */ = {isa = PBXBuildFile; fileRef = E840E1161D4F7D5400B4E462 /* Assets.xcassets */; };
		E840E11A1D4F7D5400B4E462 /* LaunchScreen.storyboard in Resources */ = {isa = PBXBuildFile; fileRef = E840E1181D4F7D5400B4E462 /* LaunchScreen.storyboard */; };
/* End PBXBuildFile section */

/* Begin PBXFileReference section */
		E840E1071D4F7D5400B4E462 /* JumpB.app */ = {isa = PBXFileReference; explicitFileType = wrapper.application; includeInIndex = 0; path = JumpB.app; sourceTree = BUILT_PRODUCTS_DIR; };
		E840E10B1D4F7D5400B4E462 /* main.m */ = {isa = PBXFileReference; lastKnownFileType = sourcecode.c.objc; path = main.m; sourceTree = "<group>"; };
		E840E10D1D4F7D5400B4E462 /* AppDelegate.h */ = {isa = PBXFileReference; lastKnownFileType = sourcecode.c.h; path = AppDelegate.h; sourceTree = "<group>"; };
		E840E10E1D4F7D5400B4E462 /* AppDelegate.m */ = {isa = PBXFileReference; lastKnownFileType = sourcecode.c.objc; path = AppDelegate.m; sourceTree = "<group>"; };
		E840E1101D4F7D5400B4E462 /* ViewController.h */ = {isa = PBXFileReference; lastKnownFileType = sourcecode.c.h; path = ViewController.h; sourceTree = "<group>"; };
		E840E1111D4F7D5400B4E462 /* ViewController.m */ = {isa = PBXFileReference; lastKnownFileType = sourcecode.c.objc; path = ViewController.m; sourceTree = "<group>"; };
		E840E1141D4F7D5400B4E462 /* Base */ = {isa = PBXFileReference; lastKnownFileType = file.storyboard; name = Base; path = Base.lproj/Main.storyboard; sourceTree = "<group>"; };
		E840E1161D4F7D5400B4E462 /* Assets.xcassets */ = {isa = PBXFileReference; lastKnownFileType = folder.assetcatalog; path = Assets.xcassets; sourceTree = "<group>"; };
		E840E1191D4F7D5400B4E462 /* Base */ = {isa = PBXFileReference; lastKnownFileType = file.storyboard; name = Base; path = Base.lproj/LaunchScreen.storyboard; sourceTree = "<group>"; };
		E840E11B1D4F7D5400B4E462 /* Info.plist */ = {isa = PBXFileReference; lastKnownFileType = text.plist.xml; path = Info.plist; sourceTree = "<group>"; };
/* End PBXFileReference section */

/* Begin PBXFrameworksBuildPhase section */
		E840E1041D4F7D5400B4E462 /* Frameworks */ = {
			isa = PBXFrameworksBuildPhase;
			buildActionMask = 2147483647;
			files = (
			);
			runOnlyForDeploymentPostprocessing = 0;
		};
/* End PBXFrameworksBuildPhase section */

/* Begin PBXGroup section */
		E840E0FE1D4F7D5400B4E462 = {
			isa = PBXGroup;
			children = (
				E840E1091D4F7D5400B4E462 /* JumpB */,
				E840E1081D4F7D5400B4E462 /* Products */,
			);
			sourceTree = "<group>";
		};
		E840E1081D4F7D5400B4E462 /* Products */ = {
			isa = PBXGroup;
			children = (
				E840E1071D4F7D5400B4E462 /* JumpB.app */,
			);
			name = Products;
			sourceTree = "<group>";
		};
		E840E1091D4F7D5400B4E462 /* JumpB */ = {
			isa = PBXGroup;
			children = (
				E840E10D1D4F7D5400B4E462 /* AppDelegate.h */,
				E840E10E1D4F7D5400B4E462 /* AppDelegate.m */,
				E840E1101D4F7D5400B4E462 /* ViewController.h */,
				E840E1111D4F7D5400B4E462 /* ViewController.m */,
				E840E1131D4F7D5400B4E462 /* Main.storyboard */,
				E840E1161D4F7D5400B4E462 /* Assets.xcassets */,
				E840E1181D4F7D5400B4E462 /* LaunchScreen.storyboard */,
				E840E11B1D4F7D5400B4E462 /* Info.plist */,
				E840E10A1D4F7D5400B4E462 /* Supporting Files */,
			);
			path = JumpB;
			sourceTree = "<group>";
		};
		E840E10A1D4F7D5400B4E462 /* Supporting Files */ = {
			isa = PBXGroup;
			children = (
				E840E10B1D4F7D5400B4E462 /* main.m */,
			);
			name = "Supporting Files";
			sourceTree = "<group>";
		};
/* End PBXGroup section */

/* Begin PBXNativeTarget section */
		E840E1061D4F7D5400B4E462 /* JumpB */ = {
			isa = PBXNativeTarget;
			buildConfigurationList = E840E11E1D4F7D5400B4E462 /* Build configuration list for PBXNativeTarget "JumpB" */;
			buildPhases = (
				E840E1031D4F7D5400B4E462 /* Sources */,
				E840E1041D4F7D5400B4E462 /* Frameworks */,
				E840E1051D4F7D5400B4E462 /* Resources */,
			);
			buildRules = (
			);
			dependencies = (
			);
			name = JumpB;
			productName = JumpB;
			productReference = E840E1071D4F7D5400B4E462 /* JumpB.app */;
			productType = "com.apple.product-type.application";
		};
/* End PBXNativeTarget section */

/* Begin PBXProject section */
		E840E0FF1D4F7D5400B4E462 /* Project object */ = {
			isa = PBXProject;
			attributes = {
				LastUpgradeCheck = 0730;
				ORGANIZATIONNAME = silence;
				TargetAttributes = {
					E840E1061D4F7D5400B4E462 = {
						CreatedOnToolsVersion = 7.3.1;
					};
				};
			};
			buildConfigurationList = E840E1021D4F7D5400B4E462 /* Build configuration list for PBXProject "JumpB" */;
			compatibilityVersion = "Xcode 3.2";
			developmentRegion = English;
			hasScannedForEncodings = 0;
			knownRegions = (
				en,
				Base,
			);
			mainGroup = E840E0FE1D4F7D5400B4E462;
			productRefGroup = E840E1081D4F7D5400B4E462 /* Products */;
			projectDirPath = "";
			projectRoot = "";
			targets = (
				E840E1061D4F7D5400B4E462 /* JumpB */,
			);
		};
/* End PBXProject section */

/* Begin PBXResourcesBuildPhase section */
		E840E1051D4F7D5400B4E462 /* Resources */ = {
			isa = PBXResourcesBuildPhase;
			buildActionMask = 2147483647;
			files = (
				E840E11A1D4F7D5400B4E462 /* LaunchScreen.storyboard in Resources */,
				E840E1171D4F7D5400B4E462 /* Assets.xcassets in Resources */,
				E840E1151D4F7D5400B4E462 /* Main.storyboard in Resources */,
			);
			runOnlyForDeploymentPostprocessing = 0;
		};
/* End PBXResourcesBuildPhase section */

/* Begin PBXSourcesBuildPhase section */
		E840E1031D4F7D5400B4E462 /* Sources */ = {
			isa = PBXSourcesBuildPhase;
			buildActionMask = 2147483647;
			files = (
				E840E1121D4F7D5400B4E462 /* ViewController.m in Sources */,
				E840E10F1D4F7D5400B4E462 /* AppDelegate.m in Sources */,
				E840E10C1D4F7D5400B4E462 /* main.m in Sources */,
			);
			runOnlyForDeploymentPostprocessing = 0;
		};
/* End PBXSourcesBuildPhase section */

/* Begin PBXVariantGroup section */
		E840E1131D4F7D5400B4E462 /* Main.storyboard */ = {
			isa = PBXVariantGroup;
			children = (
				E840E1141D4F7D5400B4E462 /* Base */,
			);
			name = Main.storyboard;
			sourceTree = "<group>";
		};
		E840E1181D4F7D5400B4E462 /* LaunchScreen.storyboard */ = {
			isa = PBXVariantGroup;
			children = (
				E840E1191D4F7D5400B4E462 /* Base */,
			);
			name = LaunchScreen.storyboard;
			sourceTree = "<group>";
		};
/* End PBXVariantGroup section */

/* Begin XCBuildConfiguration section */
		E840E11C1D4F7D5400B4E462 /* Debug */ = {
			isa = XCBuildConfiguration;
			buildSettings = {
				ALWAYS_SEARCH_USER_PATHS = NO;
				CLANG_ANALYZER_NONNULL = YES;
				CLANG_CXX_LANGUAGE_STANDARD = "gnu++0x";
				CLANG_CXX_LIBRARY = "libc++";
				CLANG_ENABLE_MODULES = YES;
				CLANG_ENABLE_OBJC_ARC = YES;
				CLANG_WARN_BOOL_CONVERSION = YES;
				CLANG_WARN_CONSTANT_CONVERSION = YES;
				CLANG_WARN_DIRECT_OBJC_ISA_USAGE = YES_ERROR;
				CLANG_WARN_EMPTY_BODY = YES;
				CLANG_WARN_ENUM_CONVERSION = YES;
				CLANG_WARN_INT_CONVERSION = YES;
				CLANG_WARN_OBJC_ROOT_CLASS = YES_ERROR;
				CLANG_WARN_UNREACHABLE_CODE = YES;
				CLANG_WARN__DUPLICATE_METHOD_MATCH = YES;
				"CODE_SIGN_IDENTITY[sdk=iphoneos*]" = "iPhone Developer";
				COPY_PHASE_STRIP = NO;
				DEBUG_INFORMATION_FORMAT = dwarf;
				ENABLE_STRICT_OBJC_MSGSEND = YES;
				ENABLE_TESTABILITY = YES;
				GCC_C_LANGUAGE_STANDARD = gnu99;
				GCC_DYNAMIC_NO_PIC = NO;
				GCC_NO_COMMON_BLOCKS = YES;
				GCC_OPTIMIZATION_LEVEL = 0;
				GCC_PREPROCESSOR_DEFINITIONS = (
					"DEBUG=1",
					"$(inherited)",
				);
				GCC_WARN_64_TO_32_BIT_CONVERSION = YES;
				GCC_WARN_ABOUT_RETURN_TYPE = YES_ERROR;
				GCC_WARN_UNDECLARED_SELECTOR = YES;
				GCC_WARN_UNINITIALIZED_AUTOS = YES_AGGRESSIVE;
				GCC_WARN_UNUSED_FUNCTION = YES;
				GCC_WARN_UNUSED_VARIABLE = YES;
				IPHONEOS_DEPLOYMENT_TARGET = 9.3;
				MTL_ENABLE_DEBUG_INFO = YES;
				ONLY_ACTIVE_ARCH = YES;
				SDKROOT = iphoneos;
			};
			name = Debug;
		};
		E840E11D1D4F7D5400B4E462 /* Release */ = {
			isa = XCBuildConfiguration;
			buildSettings = {
				ALWAYS_SEARCH_USER_PATHS = NO;
				CLANG_ANALYZER_NONNULL = YES;
				CLANG_CXX_LANGUAGE_STANDARD = "gnu++0x";
				CLANG_CXX_LIBRARY = "libc++";
				CLANG_ENABLE_MODULES = YES;
				CLANG_ENABLE_OBJC_ARC = YES;
				CLANG_WARN_BOOL_CONVERSION = YES;
				CLANG_WARN_CONSTANT_CONVERSION = YES;
				CLANG_WARN_DIRECT_OBJC_ISA_USAGE = YES_ERROR;
				CLANG_WARN_EMPTY_BODY = YES;
				CLANG_WARN_ENUM_CONVERSION = YES;
				CLANG_WARN_INT_CONVERSION = YES;
				CLANG_WARN_OBJC_ROOT_CLASS = YES_ERROR;
				CLANG_WARN_UNREACHABLE_CODE = YES;
				CLANG_WARN__DUPLICATE_METHOD_MATCH = YES;
				"CODE_SIGN_IDENTITY[sdk=iphoneos*]" = "iPhone Developer";
				COPY_PHASE_STRIP = NO;
				DEBUG_INFORMATION_FORMAT = "dwarf-with-dsym";
				ENABLE_NS_ASSERTIONS = NO;
				ENABLE_STRICT_OBJC_MSGSEND = YES;
				GCC_C_LANGUAGE_STANDARD = gnu99;
				GCC_NO_COMMON_BLOCKS = YES;
				GCC_WARN_64_TO_32_BIT_CONVERSION = YES;
				GCC_WARN_ABOUT_RETURN_TYPE = YES_ERROR;
				GCC_WARN_UNDECLARED_SELECTOR = YES;
				GCC_WARN_UNINITIALIZED_AUTOS = YES_AGGRESSIVE;
				GCC_WARN_UNUSED_FUNCTION = YES;
				GCC_WARN_UNUSED_VARIABLE = YES;
				IPHONEOS_DEPLOYMENT_TARGET = 9.3;
				MTL_ENABLE_DEBUG_INFO = NO;
				SDKROOT = iphoneos;
				VALIDATE_PRODUCT = YES;
			};
			name = Release;
		};
		E840E11F1D4F7D5400B4E462 /* Debug */ = {
			isa = XCBuildConfiguration;
			buildSettings = {
				ASSETCATALOG_COMPILER_APPICON_NAME = AppIcon;
				INFOPLIST_FILE = JumpB/Info.plist;
				LD_RUNPATH_SEARCH_PATHS = "$(inherited) @executable_path/Frameworks";
				PRODUCT_BUNDLE_IDENTIFIER = com.silence.JumpB;
				PRODUCT_NAME = "$(TARGET_NAME)";
			};
			name = Debug;
		};
		E840E1201D4F7D5400B4E462 /* Release */ = {
			isa = XCBuildConfiguration;
			buildSettings = {
				ASSETCATALOG_COMPILER_APPICON_NAME = AppIcon;
				INFOPLIST_FILE = JumpB/Info.plist;
				LD_RUNPATH_SEARCH_PATHS = "$(inherited) @executable_path/Frameworks";
				PRODUCT_BUNDLE_IDENTIFIER = com.silence.JumpB;
				PRODUCT_NAME = "$(TARGET_NAME)";
			};
			name = Release;
		};
/* End XCBuildConfiguration section */

/* Begin XCConfigurationList section */
		E840E1021D4F7D5400B4E462 /* Build configuration list for PBXProject "JumpB" */ = {
			isa = XCConfigurationList;
			buildConfigurations = (
				E840E11C1D4F7D5400B4E462 /* Debug */,
				E840E11D1D4F7D5400B4E462 /* Release */,
			);
			defaultConfigurationIsVisible = 0;
			defaultConfigurationName = Release;
		};
		E840E11E1D4F7D5400B4E462 /* Build configuration list for PBXNativeTarget "JumpB" */ = {
			isa = XCConfigurationList;
			buildConfigurations = (
				E840E11F1D4F7D5400B4E462 /* Debug */,
				E840E1201D4F7D5400B4E462 /* Release */,
			);
			defaultConfigurationIsVisible = 0;
		};
/* End XCConfigurationList section */
	};
	rootObject = E840E0FF1D4F7D5400B4E462 /* Project object */;
}
